# THIS IS AN AUTOGENERATED FILE. DO NOT EDIT THIS FILE DIRECTLY.
# yarn lockfile v1


"@jridgewell/sourcemap-codec@^1.5.5":
  version "1.5.5"

"@oxc-project/types@=0.139.0":
  version "0.139.0"

"@rolldown/binding-win32-x64-msvc@1.1.5":
  version "1.1.5"

"@rolldown/pluginutils@^1.0.0":
  version "1.0.1"

"@standard-schema/spec@^1.1.0":
  version "1.1.0"

"@types/chai@^5.2.2":
  version "5.2.3"
  dependencies:
    "@types/deep-eql" "*"
    assertion-error "^2.0.1"

"@types/debug@^4.0.0":
  version "4.1.13"
  dependencies:
    "@types/ms" "*"

"@types/deep-eql@*":
  version "4.0.2"

"@types/estree-jsx@^1.0.0":
  version "1.0.5"
  dependencies:
    "@types/estree" "*"

"@types/estree@*", "@types/estree@^1.0.0":
  version "1.0.9"

"@types/hast@^3.0.0":
  version "3.0.5"
  dependencies:
    "@types/unist" "*"

"@types/mdast@^4.0.0":
  version "4.0.4"
  dependencies:
    "@types/unist" "*"

"@types/ms@*":
  version "2.1.0"

"@types/unist@*", "@types/unist@^3.0.0":
  version "3.0.3"

"@types/unist@^2.0.0":
  version "2.0.11"

"@vitest/expect@4.1.10":
  version "4.1.10"
  dependencies:
    "@standard-schema/spec" "^1.1.0"
    "@types/chai" "^5.2.2"
    "@vitest/spy" "4.1.10"
    "@vitest/utils" "4.1.10"
    chai "^6.2.2"
    tinyrainbow "^3.1.0"

"@vitest/mocker@4.1.10":
  version "4.1.10"
  dependencies:
    "@vitest/spy" "4.1.10"
    estree-walker "^3.0.3"
    magic-string "^0.30.21"

"@vitest/pretty-format@4.1.10":
  version "4.1.10"
  dependencies:
    tinyrainbow "^3.1.0"

"@vitest/runner@4.1.10":
  version "4.1.10"
  dependencies:
    "@vitest/utils" "4.1.10"
    pathe "^2.0.3"

"@vitest/snapshot@4.1.10":
  version "4.1.10"
  dependencies:
    "@vitest/pretty-format" "4.1.10"
    "@vitest/utils" "4.1.10"
    magic-string "^0.30.21"
    pathe "^2.0.3"

"@vitest/spy@4.1.10":
  version "4.1.10"

"@vitest/utils@4.1.10":
  version "4.1.10"
  dependencies:
    "@vitest/pretty-format" "4.1.10"
    convert-source-map "^2.0.0"
    tinyrainbow "^3.1.0"

acorn-jsx@^5.0.0:
  version "5.3.2"

"acorn@^6.0.0 || ^7.0.0 || ^8.0.0", acorn@^8.0.0:
  version "8.17.0"

assertion-error@^2.0.1:
  version "2.0.1"

bail@^2.0.0:
  version "2.0.2"

ccount@^2.0.0:
  version "2.0.1"

chai@^6.2.2:
  version "6.2.2"

character-entities-html4@^2.0.0:
  version "2.1.0"

character-entities-legacy@^3.0.0:
  version "3.0.0"

character-entities@^2.0.0:
  version "2.0.2"

character-reference-invalid@^2.0.0:
  version "2.0.1"

convert-source-map@^2.0.0:
  version "2.0.0"

debug@^4.0.0:
  version "4.4.3"
  dependencies:
    ms "^2.1.3"

decode-named-character-reference@^1.0.0:
  version "1.3.0"
  dependencies:
    character-entities "^2.0.0"

dequal@^2.0.0:
  version "2.0.3"

detect-libc@^2.0.3:
  version "2.1.2"

devlop@^1.0.0, devlop@^1.1.0:
  version "1.1.0"
  dependencies:
    dequal "^2.0.0"

es-module-lexer@^2.0.0:
  version "2.3.0"

escape-string-regexp@^5.0.0:
  version "5.0.0"

estree-util-is-identifier-name@^3.0.0:
  version "3.0.0"

estree-util-visit@^2.0.0:
  version "2.0.0"
  dependencies:
    "@types/estree-jsx" "^1.0.0"
    "@types/unist" "^3.0.0"

estree-walker@^3.0.3:
  version "3.0.3"
  dependencies:
    "@types/estree" "^1.0.0"

expect-type@^1.3.0:
  version "1.4.0"

extend@^3.0.0:
  version "3.0.2"

fault@^2.0.0:
  version "2.0.1"
  dependencies:
    format "^0.2.0"

fdir@^6.5.0:
  version "6.5.0"

format@^0.2.0:
  version "0.2.2"

is-alphabetical@^2.0.0:
  version "2.0.1"

is-alphanumerical@^2.0.0:
  version "2.0.1"
  dependencies:
    is-alphabetical "^2.0.0"
    is-decimal "^2.0.0"

is-decimal@^2.0.0:
  version "2.0.1"

is-hexadecimal@^2.0.0:
  version "2.0.1"

is-plain-obj@^4.0.0:
  version "4.1.0"

lightningcss-win32-x64-msvc@1.32.0:
  version "1.32.0"

lightningcss@^1.32.0:
  version "1.32.0"
  dependencies:
    detect-libc "^2.0.3"
  optionalDependencies:
    lightningcss-android-arm64 "1.32.0"
    lightningcss-darwin-arm64 "1.32.0"
    lightningcss-darwin-x64 "1.32.0"
    lightningcss-freebsd-x64 "1.32.0"
    lightningcss-linux-arm-gnueabihf "1.32.0"
    lightningcss-linux-arm64-gnu "1.32.0"
    lightningcss-linux-arm64-musl "1.32.0"
    lightningcss-linux-x64-gnu "1.32.0"
    lightningcss-linux-x64-musl "1.32.0"
    lightningcss-win32-arm64-msvc "1.32.0"
    lightningcss-win32-x64-msvc "1.32.0"

longest-streak@^3.0.0:
  version "3.1.0"

magic-string@^0.30.21:
  version "0.30.21"
  dependencies:
    "@jridgewell/sourcemap-codec" "^1.5.5"

markdown-table@^3.0.0:
  version "3.0.4"

mdast-util-definitions@^6.0.0:
  version "6.0.0"
  dependencies:
    "@types/mdast" "^4.0.0"
    "@types/unist" "^3.0.0"
    unist-util-visit "^5.0.0"

mdast-util-directive@^3.0.0:
  version "3.1.0"
  dependencies:
    "@types/mdast" "^4.0.0"
    "@types/unist" "^3.0.0"
    ccount "^2.0.0"
    devlop "^1.0.0"
    mdast-util-from-markdown "^2.0.0"
    mdast-util-to-markdown "^2.0.0"
    parse-entities "^4.0.0"
    stringify-entities "^4.0.0"
    unist-util-visit-parents "^6.0.0"

mdast-util-find-and-replace@^3.0.0:
  version "3.0.2"
  dependencies:
    "@types/mdast" "^4.0.0"
    escape-string-regexp "^5.0.0"
    unist-util-is "^6.0.0"
    unist-util-visit-parents "^6.0.0"

mdast-util-from-markdown@^2.0.0:
  version "2.0.3"
  dependencies:
    "@types/mdast" "^4.0.0"
    "@types/unist" "^3.0.0"
    decode-named-character-reference "^1.0.0"
    devlop "^1.0.0"
    mdast-util-to-string "^4.0.0"
    micromark "^4.0.0"
    micromark-util-decode-numeric-character-reference "^2.0.0"
    micromark-util-decode-string "^2.0.0"
    micromark-util-normalize-identifier "^2.0.0"
    micromark-util-symbol "^2.0.0"
    micromark-util-types "^2.0.0"
    unist-util-stringify-position "^4.0.0"

mdast-util-frontmatter@^2.0.0:
  version "2.0.1"
  dependencies:
    "@types/mdast" "^4.0.0"
    devlop "^1.0.0"
    escape-string-regexp "^5.0.0"
    mdast-util-from-markdown "^2.0.0"
    mdast-util-to-markdown "^2.0.0"
    micromark-extension-frontmatter "^2.0.0"

mdast-util-gfm-autolink-literal@^2.0.0:
  version "2.0.1"
  dependencies:
    "@types/mdast" "^4.0.0"
    ccount "^2.0.0"
    devlop "^1.0.0"
    mdast-util-find-and-replace "^3.0.0"
    micromark-util-character "^2.0.0"

mdast-util-gfm-footnote@^2.0.0:
  version "2.1.0"
  dependencies:
    "@types/mdast" "^4.0.0"
    devlop "^1.1.0"
    mdast-util-from-markdown "^2.0.0"
    mdast-util-to-markdown "^2.0.0"
    micromark-util-normalize-identifier "^2.0.0"

mdast-util-gfm-strikethrough@^2.0.0:
  version "2.0.0"
  dependencies:
    "@types/mdast" "^4.0.0"
    mdast-util-from-markdown "^2.0.0"
    mdast-util-to-markdown "^2.0.0"

mdast-util-gfm-table@^2.0.0:
  version "2.0.0"
  dependencies:
    "@types/mdast" "^4.0.0"
    devlop "^1.0.0"
    markdown-table "^3.0.0"
    mdast-util-from-markdown "^2.0.0"
    mdast-util-to-markdown "^2.0.0"

mdast-util-gfm-task-list-item@^2.0.0:
  version "2.0.0"
  dependencies:
    "@types/mdast" "^4.0.0"
    devlop "^1.0.0"
    mdast-util-from-markdown "^2.0.0"
    mdast-util-to-markdown "^2.0.0"

mdast-util-gfm@^3.0.0:
  version "3.1.0"
  dependencies:
    mdast-util-from-markdown "^2.0.0"
    mdast-util-gfm-autolink-literal "^2.0.0"
    mdast-util-gfm-footnote "^2.0.0"
    mdast-util-gfm-strikethrough "^2.0.0"
    mdast-util-gfm-table "^2.0.0"
    mdast-util-gfm-task-list-item "^2.0.0"
    mdast-util-to-markdown "^2.0.0"

mdast-util-mdx-expression@^2.0.0:
  version "2.0.1"
  dependencies:
    "@types/estree-jsx" "^1.0.0"
    "@types/hast" "^3.0.0"
    "@types/mdast" "^4.0.0"
    devlop "^1.0.0"
    mdast-util-from-markdown "^2.0.0"
    mdast-util-to-markdown "^2.0.0"

mdast-util-mdx-jsx@^3.0.0:
  version "3.2.0"
  dependencies:
    "@types/estree-jsx" "^1.0.0"
    "@types/hast" "^3.0.0"
    "@types/mdast" "^4.0.0"
    "@types/unist" "^3.0.0"
    ccount "^2.0.0"
    devlop "^1.1.0"
    mdast-util-from-markdown "^2.0.0"
    mdast-util-to-markdown "^2.0.0"
    parse-entities "^4.0.0"
    stringify-entities "^4.0.0"
    unist-util-stringify-position "^4.0.0"
    vfile-message "^4.0.0"

mdast-util-mdx@^3.0.0:
  version "3.0.0"
  dependencies:
    mdast-util-from-markdown "^2.0.0"
    mdast-util-mdx-expression "^2.0.0"
    mdast-util-mdx-jsx "^3.0.0"
    mdast-util-mdxjs-esm "^2.0.0"
    mdast-util-to-markdown "^2.0.0"

mdast-util-mdxjs-esm@^2.0.0:
  version "2.0.1"
  dependencies:
    "@types/estree-jsx" "^1.0.0"
    "@types/hast" "^3.0.0"
    "@types/mdast" "^4.0.0"
    devlop "^1.0.0"
    mdast-util-from-markdown "^2.0.0"
    mdast-util-to-markdown "^2.0.0"

mdast-util-phrasing@^4.0.0:
  version "4.1.0"
  dependencies:
    "@types/mdast" "^4.0.0"
    unist-util-is "^6.0.0"

mdast-util-to-markdown@^2.0.0:
  version "2.1.2"
  dependencies:
    "@types/mdast" "^4.0.0"
    "@types/unist" "^3.0.0"
    longest-streak "^3.0.0"
    mdast-util-phrasing "^4.0.0"
    mdast-util-to-string "^4.0.0"
    micromark-util-classify-character "^2.0.0"
    micromark-util-decode-string "^2.0.0"
    unist-util-visit "^5.0.0"
    zwitch "^2.0.0"

mdast-util-to-string@^4.0.0:
  version "4.0.0"
  dependencies:
    "@types/mdast" "^4.0.0"

micromark-core-commonmark@^2.0.0:
  version "2.0.3"
  dependencies:
    decode-named-character-reference "^1.0.0"
    devlop "^1.0.0"
    micromark-factory-destination "^2.0.0"
    micromark-factory-label "^2.0.0"
    micromark-factory-space "^2.0.0"
    micromark-factory-title "^2.0.0"
    micromark-factory-whitespace "^2.0.0"
    micromark-util-character "^2.0.0"
    micromark-util-chunked "^2.0.0"
    micromark-util-classify-character "^2.0.0"
    micromark-util-html-tag-name "^2.0.0"
    micromark-util-normalize-identifier "^2.0.0"
    micromark-util-resolve-all "^2.0.0"
    micromark-util-subtokenize "^2.0.0"
    micromark-util-symbol "^2.0.0"
    micromark-util-types "^2.0.0"

micromark-extension-directive@^4.0.0:
  version "4.0.0"
  dependencies:
    devlop "^1.0.0"
    micromark-factory-space "^2.0.0"
    micromark-factory-whitespace "^2.0.0"
    micromark-util-character "^2.0.0"
    micromark-util-symbol "^2.0.0"
    micromark-util-types "^2.0.0"
    parse-entities "^4.0.0"

micromark-extension-frontmatter@^2.0.0:
  version "2.0.0"
  dependencies:
    fault "^2.0.0"
    micromark-util-character "^2.0.0"
    micromark-util-symbol "^2.0.0"
    micromark-util-types "^2.0.0"

micromark-extension-gfm-autolink-literal@^2.0.0:
  version "2.1.0"
  dependencies:
    micromark-util-character "^2.0.0"
    micromark-util-sanitize-uri "^2.0.0"
    micromark-util-symbol "^2.0.0"
    micromark-util-types "^2.0.0"

micromark-extension-gfm-footnote@^2.0.0:
  version "2.1.0"
  dependencies:
    devlop "^1.0.0"
    micromark-core-commonmark "^2.0.0"
    micromark-factory-space "^2.0.0"
    micromark-util-character "^2.0.0"
    micromark-util-normalize-identifier "^2.0.0"
    micromark-util-sanitize-uri "^2.0.0"
    micromark-util-symbol "^2.0.0"
    micromark-util-types "^2.0.0"

micromark-extension-gfm-strikethrough@^2.0.0:
  version "2.1.0"
  dependencies:
    devlop "^1.0.0"
    micromark-util-chunked "^2.0.0"
    micromark-util-classify-character "^2.0.0"
    micromark-util-resolve-all "^2.0.0"
    micromark-util-symbol "^2.0.0"
    micromark-util-types "^2.0.0"

micromark-extension-gfm-table@^2.0.0:
  version "2.1.1"
  dependencies:
    devlop "^1.0.0"
    micromark-factory-space "^2.0.0"
    micromark-util-character "^2.0.0"
    micromark-util-symbol "^2.0.0"
    micromark-util-types "^2.0.0"

micromark-extension-gfm-tagfilter@^2.0.0:
  version "2.0.0"
  dependencies:
    micromark-util-types "^2.0.0"

micromark-extension-gfm-task-list-item@^2.0.0:
  version "2.1.0"
  dependencies:
    devlop "^1.0.0"
    micromark-factory-space "^2.0.0"
    micromark-util-character "^2.0.0"
    micromark-util-symbol "^2.0.0"
    micromark-util-types "^2.0.0"

micromark-extension-gfm@^3.0.0:
  version "3.0.0"
  dependencies:
    micromark-extension-gfm-autolink-literal "^2.0.0"
    micromark-extension-gfm-footnote "^2.0.0"
    micromark-extension-gfm-strikethrough "^2.0.0"
    micromark-extension-gfm-table "^2.0.0"
    micromark-extension-gfm-tagfilter "^2.0.0"
    micromark-extension-gfm-task-list-item "^2.0.0"
    micromark-util-combine-extensions "^2.0.0"
    micromark-util-types "^2.0.0"

micromark-extension-mdx-expression@^3.0.0:
  version "3.0.1"
  dependencies:
    "@types/estree" "^1.0.0"
    devlop "^1.0.0"
    micromark-factory-mdx-expression "^2.0.0"
    micromark-factory-space "^2.0.0"
    micromark-util-character "^2.0.0"
    micromark-util-events-to-acorn "^2.0.0"
    micromark-util-symbol "^2.0.0"
    micromark-util-types "^2.0.0"

micromark-extension-mdx-jsx@^3.0.0:
  version "3.0.2"
  dependencies:
    "@types/estree" "^1.0.0"
    devlop "^1.0.0"
    estree-util-is-identifier-name "^3.0.0"
    micromark-factory-mdx-expression "^2.0.0"
    micromark-factory-space "^2.0.0"
    micromark-util-character "^2.0.0"
    micromark-util-events-to-acorn "^2.0.0"
    micromark-util-symbol "^2.0.0"
    micromark-util-types "^2.0.0"
    vfile-message "^4.0.0"

micromark-extension-mdx-md@^2.0.0:
  version "2.0.0"
  dependencies:
    micromark-util-types "^2.0.0"

micromark-extension-mdxjs-esm@^3.0.0:
  version "3.0.0"
  dependencies:
    "@types/estree" "^1.0.0"
    devlop "^1.0.0"
    micromark-core-commonmark "^2.0.0"
    micromark-util-character "^2.0.0"
    micromark-util-events-to-acorn "^2.0.0"
    micromark-util-symbol "^2.0.0"
    micromark-util-types "^2.0.0"
    unist-util-position-from-estree "^2.0.0"
    vfile-message "^4.0.0"

micromark-extension-mdxjs@^3.0.0:
  version "3.0.0"
  dependencies:
    acorn "^8.0.0"
    acorn-jsx "^5.0.0"
    micromark-extension-mdx-expression "^3.0.0"
    micromark-extension-mdx-jsx "^3.0.0"
    micromark-extension-mdx-md "^2.0.0"
    micromark-extension-mdxjs-esm "^3.0.0"
    micromark-util-combine-extensions "^2.0.0"
    micromark-util-types "^2.0.0"

micromark-factory-destination@^2.0.0:
  version "2.0.1"
  dependencies:
    micromark-util-character "^2.0.0"
    micromark-util-symbol "^2.0.0"
    micromark-util-types "^2.0.0"

micromark-factory-label@^2.0.0:
  version "2.0.1"
  dependencies:
    devlop "^1.0.0"
    micromark-util-character "^2.0.0"
    micromark-util-symbol "^2.0.0"
    micromark-util-types "^2.0.0"

micromark-factory-mdx-expression@^2.0.0:
  version "2.0.3"
  dependencies:
    "@types/estree" "^1.0.0"
    devlop "^1.0.0"
    micromark-factory-space "^2.0.0"
    micromark-util-character "^2.0.0"
    micromark-util-events-to-acorn "^2.0.0"
    micromark-util-symbol "^2.0.0"
    micromark-util-types "^2.0.0"
    unist-util-position-from-estree "^2.0.0"
    vfile-message "^4.0.0"

micromark-factory-space@^2.0.0:
  version "2.0.1"
  dependencies:
    micromark-util-character "^2.0.0"
    micromark-util-types "^2.0.0"

micromark-factory-title@^2.0.0:
  version "2.0.1"
  dependencies:
    micromark-factory-space "^2.0.0"
    micromark-util-character "^2.0.0"
    micromark-util-symbol "^2.0.0"
    micromark-util-types "^2.0.0"

micromark-factory-whitespace@^2.0.0:
  version "2.0.1"
  dependencies:
    micromark-factory-space "^2.0.0"
    micromark-util-character "^2.0.0"
    micromark-util-symbol "^2.0.0"
    micromark-util-types "^2.0.0"

micromark-util-character@^2.0.0:
  version "2.1.1"
  dependencies:
    micromark-util-symbol "^2.0.0"
    micromark-util-types "^2.0.0"

micromark-util-chunked@^2.0.0:
  version "2.0.1"
  dependencies:
    micromark-util-symbol "^2.0.0"

micromark-util-classify-character@^2.0.0:
  version "2.0.1"
  dependencies:
    micromark-util-character "^2.0.0"
    micromark-util-symbol "^2.0.0"
    micromark-util-types "^2.0.0"

micromark-util-combine-extensions@^2.0.0:
  version "2.0.1"
  dependencies:
    micromark-util-chunked "^2.0.0"
    micromark-util-types "^2.0.0"

micromark-util-decode-numeric-character-reference@^2.0.0:
  version "2.0.2"
  dependencies:
    micromark-util-symbol "^2.0.0"

micromark-util-decode-string@^2.0.0:
  version "2.0.1"
  dependencies:
    decode-named-character-reference "^1.0.0"
    micromark-util-character "^2.0.0"
    micromark-util-decode-numeric-character-reference "^2.0.0"
    micromark-util-symbol "^2.0.0"

micromark-util-encode@^2.0.0:
  version "2.0.1"

micromark-util-events-to-acorn@^2.0.0:
  version "2.0.3"
  dependencies:
    "@types/estree" "^1.0.0"
    "@types/unist" "^3.0.0"
    devlop "^1.0.0"
    estree-util-visit "^2.0.0"
    micromark-util-symbol "^2.0.0"
    micromark-util-types "^2.0.0"
    vfile-message "^4.0.0"

micromark-util-html-tag-name@^2.0.0:
  version "2.0.1"

micromark-util-normalize-identifier@^2.0.0:
  version "2.0.1"
  dependencies:
    micromark-util-symbol "^2.0.0"

micromark-util-resolve-all@^2.0.0:
  version "2.0.1"
  dependencies:
    micromark-util-types "^2.0.0"

micromark-util-sanitize-uri@^2.0.0:
  version "2.0.1"
  dependencies:
    micromark-util-character "^2.0.0"
    micromark-util-encode "^2.0.0"
    micromark-util-symbol "^2.0.0"

micromark-util-subtokenize@^2.0.0:
  version "2.1.0"
  dependencies:
    devlop "^1.0.0"
    micromark-util-chunked "^2.0.0"
    micromark-util-symbol "^2.0.0"
    micromark-util-types "^2.0.0"

micromark-util-symbol@^2.0.0:
  version "2.0.1"

micromark-util-types@^2.0.0:
  version "2.0.2"

micromark@^4.0.0:
  version "4.0.2"
  dependencies:
    "@types/debug" "^4.0.0"
    debug "^4.0.0"
    decode-named-character-reference "^1.0.0"
    devlop "^1.0.0"
    micromark-core-commonmark "^2.0.0"
    micromark-factory-space "^2.0.0"
    micromark-util-character "^2.0.0"
    micromark-util-chunked "^2.0.0"
    micromark-util-combine-extensions "^2.0.0"
    micromark-util-decode-numeric-character-reference "^2.0.0"
    micromark-util-encode "^2.0.0"
    micromark-util-normalize-identifier "^2.0.0"
    micromark-util-resolve-all "^2.0.0"
    micromark-util-sanitize-uri "^2.0.0"
    micromark-util-subtokenize "^2.0.0"
    micromark-util-symbol "^2.0.0"
    micromark-util-types "^2.0.0"

ms@^2.1.3:
  version "2.1.3"

nanoid@^3.3.12:
  version "3.3.15"

obug@^2.1.1:
  version "2.1.3"

parse-entities@^4.0.0:
  version "4.0.2"
  dependencies:
    "@types/unist" "^2.0.0"
    character-entities-legacy "^3.0.0"
    character-reference-invalid "^2.0.0"
    decode-named-character-reference "^1.0.0"
    is-alphanumerical "^2.0.0"
    is-decimal "^2.0.0"
    is-hexadecimal "^2.0.0"

pathe@^2.0.3:
  version "2.0.3"

picocolors@^1.1.1:
  version "1.1.1"

"picomatch@^3 || ^4", picomatch@^4.0.2, picomatch@^4.0.3, picomatch@^4.0.4, picomatch@^4.0.5:
  version "4.0.5"

postcss@^8.5.16:
  version "8.5.16"
  dependencies:
    nanoid "^3.3.12"
    picocolors "^1.1.1"
    source-map-js "^1.2.1"

remark-directive@^4.0.0:
  version "4.0.0"
  dependencies:
    "@types/mdast" "^4.0.0"
    mdast-util-directive "^3.0.0"
    micromark-extension-directive "^4.0.0"
    unified "^11.0.0"

remark-frontmatter@^5.0.0:
  version "5.0.0"
  dependencies:
    "@types/mdast" "^4.0.0"
    mdast-util-frontmatter "^2.0.0"
    micromark-extension-frontmatter "^2.0.0"
    unified "^11.0.0"

remark-gfm@^4.0.1:
  version "4.0.1"
  dependencies:
    "@types/mdast" "^4.0.0"
    mdast-util-gfm "^3.0.0"
    micromark-extension-gfm "^3.0.0"
    remark-parse "^11.0.0"
    remark-stringify "^11.0.0"
    unified "^11.0.0"

remark-mdx@^3.1.0:
  version "3.1.1"
  dependencies:
    mdast-util-mdx "^3.0.0"
    micromark-extension-mdxjs "^3.0.0"

remark-parse@^11.0.0:
  version "11.0.0"
  dependencies:
    "@types/mdast" "^4.0.0"
    mdast-util-from-markdown "^2.0.0"
    micromark-util-types "^2.0.0"
    unified "^11.0.0"

remark-stringify@^11.0.0:
  version "11.0.0"
  dependencies:
    "@types/mdast" "^4.0.0"
    mdast-util-to-markdown "^2.0.0"
    unified "^11.0.0"

rolldown@~1.1.4:
  version "1.1.5"
  dependencies:
    "@oxc-project/types" "=0.139.0"
    "@rolldown/pluginutils" "^1.0.0"
  optionalDependencies:
    "@rolldown/binding-android-arm64" "1.1.5"
    "@rolldown/binding-darwin-arm64" "1.1.5"
    "@rolldown/binding-darwin-x64" "1.1.5"
    "@rolldown/binding-freebsd-x64" "1.1.5"
    "@rolldown/binding-linux-arm-gnueabihf" "1.1.5"
    "@rolldown/binding-linux-arm64-gnu" "1.1.5"
    "@rolldown/binding-linux-arm64-musl" "1.1.5"
    "@rolldown/binding-linux-ppc64-gnu" "1.1.5"
    "@rolldown/binding-linux-s390x-gnu" "1.1.5"
    "@rolldown/binding-linux-x64-gnu" "1.1.5"
    "@rolldown/binding-linux-x64-musl" "1.1.5"
    "@rolldown/binding-openharmony-arm64" "1.1.5"
    "@rolldown/binding-wasm32-wasi" "1.1.5"
    "@rolldown/binding-win32-arm64-msvc" "1.1.5"
    "@rolldown/binding-win32-x64-msvc" "1.1.5"

siginfo@^2.0.0:
  version "2.0.0"

source-map-js@^1.2.1:
  version "1.2.1"

stackback@0.0.2:
  version "0.0.2"

std-env@^4.0.0-rc.1:
  version "4.2.0"

stringify-entities@^4.0.0:
  version "4.0.4"
  dependencies:
    character-entities-html4 "^2.0.0"
    character-entities-legacy "^3.0.0"

tinybench@^2.9.0:
  version "2.9.0"

tinyexec@^1.0.2:
  version "1.2.4"

tinyglobby@^0.2.15, tinyglobby@^0.2.17:
  version "0.2.17"
  dependencies:
    fdir "^6.5.0"
    picomatch "^4.0.4"

tinyrainbow@^3.1.0:
  version "3.1.0"

trough@^2.0.0:
  version "2.2.0"

unified@^11.0.0, unified@^11.0.5:
  version "11.0.5"
  dependencies:
    "@types/unist" "^3.0.0"
    bail "^2.0.0"
    devlop "^1.0.0"
    extend "^3.0.0"
    is-plain-obj "^4.0.0"
    trough "^2.0.0"
    vfile "^6.0.0"

unist-util-is@^6.0.0:
  version "6.0.1"
  dependencies:
    "@types/unist" "^3.0.0"

unist-util-position-from-estree@^2.0.0:
  version "2.0.0"
  dependencies:
    "@types/unist" "^3.0.0"

unist-util-stringify-position@^4.0.0:
  version "4.0.0"
  dependencies:
    "@types/unist" "^3.0.0"

unist-util-visit-parents@^6.0.0:
  version "6.0.2"
  dependencies:
    "@types/unist" "^3.0.0"
    unist-util-is "^6.0.0"

unist-util-visit@^5.0.0:
  version "5.1.0"
  dependencies:
    "@types/unist" "^3.0.0"
    unist-util-is "^6.0.0"
    unist-util-visit-parents "^6.0.0"

vfile-message@^4.0.0:
  version "4.0.3"
  dependencies:
    "@types/unist" "^3.0.0"
    unist-util-stringify-position "^4.0.0"

vfile@^6.0.0:
  version "6.0.3"
  dependencies:
    "@types/unist" "^3.0.0"
    vfile-message "^4.0.0"

"vite@^6.0.0 || ^7.0.0 || ^8.0.0":
  version "8.1.4"
  dependencies:
    lightningcss "^1.32.0"
    picomatch "^4.0.5"
    postcss "^8.5.16"
    rolldown "~1.1.4"
    tinyglobby "^0.2.17"
  optionalDependencies:
    fsevents "~2.3.3"

vitest@^4.1.5:
  version "4.1.10"
  dependencies:
    "@vitest/expect" "4.1.10"
    "@vitest/mocker" "4.1.10"
    "@vitest/pretty-format" "4.1.10"
    "@vitest/runner" "4.1.10"
    "@vitest/snapshot" "4.1.10"
    "@vitest/spy" "4.1.10"
    "@vitest/utils" "4.1.10"
    es-module-lexer "^2.0.0"
    expect-type "^1.3.0"
    magic-string "^0.30.21"
    obug "^2.1.1"
    pathe "^2.0.3"
    picomatch "^4.0.3"
    std-env "^4.0.0-rc.1"
    tinybench "^2.9.0"
    tinyexec "^1.0.2"
    tinyglobby "^0.2.15"
    tinyrainbow "^3.1.0"
    vite "^6.0.0 || ^7.0.0 || ^8.0.0"
    why-is-node-running "^2.3.0"

why-is-node-running@^2.3.0:
  version "2.3.0"
  dependencies:
    siginfo "^2.0.0"
    stackback "0.0.2"

yaml@^2.4.2, yaml@^2.8.0:
  version "2.9.0"

zwitch@^2.0.0:
  version "2.0.4"
